
Microsoft Visual Studio Solution File, Format Version 12.00
# Visual Studio Version 17
VisualStudioVersion = 17.2.32630.192
MinimumVisualStudioVersion = 10.0.40219.1
Project("{9A19103F-16F7-4668-BE54-9A1E7A4F7556}") = "ReferralRockIntegration", "ReferralRockIntegration\ReferralRockIntegration.csproj", "{18D13AE6-8D22-45B2-9063-B318FC8C8E4F}"
EndProject
Project("{2150E333-8FDC-42A3-9474-1A3956D46DE8}") = "Solution Items", "Solution Items", "{A93A6B90-0B7E-4A26-816E-291D0BA699C2}"
	ProjectSection(SolutionItems) = preProject
		.editorconfig = .editorconfig
	EndProjectSection
EndProject
Global
	GlobalSection(SolutionConfigurationPlatforms) = preSolution
		Debug|Any CPU = Debug|Any CPU
		Release|Any CPU = Release|Any CPU
	EndGlobalSection
	GlobalSection(ProjectConfigurationPlatforms) = postSolution
		{18D13AE6-8D22-45B2-9063-B318FC8C8E4F}.Debug|Any CPU.ActiveCfg = Debug|Any CPU
		{18D13AE6-8D22-45B2-9063-B318FC8C8E4F}.Debug|Any CPU.Build.0 = Debug|Any CPU
		{18D13AE6-8D22-45B2-9063-B318FC8C8E4F}.Release|Any CPU.ActiveCfg = Release|Any CPU
		{18D13AE6-8D22-45B2-9063-B318FC8C8E4F}.Release|Any CPU.Build.0 = Release|Any CPU
	EndGlobalSection
	GlobalSection(SolutionProperties) = preSolution
		HideSolutionNode = FALSE
	EndGlobalSection
	GlobalSection(ExtensibilityGlobals) = postSolution
		SolutionGuid = {CC6665F0-3D79-4893-A7DE-F1960F19A7AF}
	EndGlobalSection
EndGlobal
